// !$*UTF8*$!
{
	archiveVersion = 1;
	classes = {
	};
	objectVersion = 46;
	objects = {

/* Begin PBXBuildFile section */
		B39CEB8816D01D8500CC03AA /* UIKit.framework in Frameworks */ = {isa = PBXBuildFile; fileRef = B39CEB8716D01D8500CC03AA /* UIKit.framework */; };
		B39CEB8A16D01D8500CC03AA /* Foundation.framework in Frameworks */ = {isa = PBXBuildFile; fileRef = B39CEB8916D01D8500CC03AA /* Foundation.framework */; };
		B39CEB8C16D01D8500CC03AA /* CoreGraphics.framework in Frameworks */ = {isa = PBXBuildFile; fileRef = B39CEB8B16D01D8500CC03AA /* CoreGraphics.framework */; };
		B39CEB9216D01D8500CC03AA /* InfoPlist.strings in Resources */ = {isa = PBXBuildFile; fileRef = B39CEB9016D01D8500CC03AA /* InfoPlist.strings */; };
		B39CEB9416D01D8500CC03AA /* main.m in Sources */ = {isa = PBXBuildFile; fileRef = B39CEB9316D01D8500CC03AA /* main.m */; };
		B39CEB9816D01D8500CC03AA /* AppDelegate.m in Sources */ = {isa = PBXBuildFile; fileRef = B39CEB9716D01D8500CC03AA /* AppDelegate.m */; };
		B39CEB9A16D01D8500CC03AA /* Default.png in Resources */ = {isa = PBXBuildFile; fileRef = B39CEB9916D01D8500CC03AA /* Default.png */; };
		B39CEB9C16D01D8500CC03AA /* Default@2x.png in Resources */ = {isa = PBXBuildFile; fileRef = B39CEB9B16D01D8500CC03AA /* Default@2x.png */; };
		B39CEB9E16D01D8500CC03AA /* Default-568h@2x.png in Resources */ = {isa = PBXBuildFile; fileRef = B39CEB9D16D01D8500CC03AA /* Default-568h@2x.png */; };
		B39CEBA116D01D8500CC03AA /* MainStoryboard.storyboard in Resources */ = {isa = PBXBuildFile; fileRef = B39CEB9F16D01D8500CC03AA /* MainStoryboard.storyboard */; };
		B39CEBA416D01D8500CC03AA /* ViewController.m in Sources */ = {isa = PBXBuildFile; fileRef = B39CEBA316D01D8500CC03AA /* ViewController.m */; };
		B39CEBAC16D01E3100CC03AA /* CalcModel.m in Sources */ = {isa = PBXBuildFile; fileRef = B39CEBAB16D01E3100CC03AA /* CalcModel.m */; };
/* End PBXBuildFile section */

/* Begin PBXFileReference section */
		B39CEB8316D01D8500CC03AA /* Calc.app */ = {isa = PBXFileReference; explicitFileType = wrapper.application; includeInIndex = 0; path = Calc.app; sourceTree = BUILT_PRODUCTS_DIR; };
		B39CEB8716D01D8500CC03AA /* UIKit.framework */ = {isa = PBXFileReference; lastKnownFileType = wrapper.framework; name = UIKit.framework; path = System/Library/Frameworks/UIKit.framework; sourceTree = SDKROOT; };
		B39CEB8916D01D8500CC03AA /* Foundation.framework */ = {isa = PBXFileReference; lastKnownFileType = wrapper.framework; name = Foundation.framework; path = System/Library/Frameworks/Foundation.framework; sourceTree = SDKROOT; };
		B39CEB8B16D01D8500CC03AA /* CoreGraphics.framework */ = {isa = PBXFileReference; lastKnownFileType = wrapper.framework; name = CoreGraphics.framework; path = System/Library/Frameworks/CoreGraphics.framework; sourceTree = SDKROOT; };
		B39CEB8F16D01D8500CC03AA /* Calc-Info.plist */ = {isa = PBXFileReference; lastKnownFileType = text.plist.xml; path = "Calc-Info.plist"; sourceTree = "<group>"; };
		B39CEB9116D01D8500CC03AA /* en */ = {isa = PBXFileReference; lastKnownFileType = text.plist.strings; name = en; path = en.lproj/InfoPlist.strings; sourceTree = "<group>"; };
		B39CEB9316D01D8500CC03AA /* main.m */ = {isa = PBXFileReference; lastKnownFileType = sourcecode.c.objc; path = main.m; sourceTree = "<group>"; };
		B39CEB9516D01D8500CC03AA /* Calc-Prefix.pch */ = {isa = PBXFileReference; lastKnownFileType = sourcecode.c.h; path = "Calc-Prefix.pch"; sourceTree = "<group>"; };
		B39CEB9616D01D8500CC03AA /* AppDelegate.h */ = {isa = PBXFileReference; lastKnownFileType = sourcecode.c.h; path = AppDelegate.h; sourceTree = "<group>"; };
		B39CEB9716D01D8500CC03AA /* AppDelegate.m */ = {isa = PBXFileReference; lastKnownFileType = sourcecode.c.objc; path = AppDelegate.m; sourceTree = "<group>"; };
		B39CEB9916D01D8500CC03AA /* Default.png */ = {isa = PBXFileReference; lastKnownFileType = image.png; path = Default.png; sourceTree = "<group>"; };
		B39CEB9B16D01D8500CC03AA /* Default@2x.png */ = {isa = PBXFileReference; lastKnownFileType = image.png; path = "Default@2x.png"; sourceTree = "<group>"; };
		B39CEB9D16D01D8500CC03AA /* Default-568h@2x.png */ = {isa = PBXFileReference; lastKnownFileType = image.png; path = "Default-568h@2x.png"; sourceTree = "<group>"; };
		B39CEBA016D01D8500CC03AA /* en */ = {isa = PBXFileReference; lastKnownFileType = file.storyboard; name = en; path = en.lproj/MainStoryboard.storyboard; sourceTree = "<group>"; };
		B39CEBA216D01D8500CC03AA /* ViewController.h */ = {isa = PBXFileReference; lastKnownFileType = sourcecode.c.h; path = ViewController.h; sourceTree = "<group>"; };
		B39CEBA316D01D8500CC03AA /* ViewController.m */ = {isa = PBXFileReference; lastKnownFileType = sourcecode.c.objc; path = ViewController.m; sourceTree = "<group>"; };
		B39CEBAA16D01E3100CC03AA /* CalcModel.h */ = {isa = PBXFileReference; fileEncoding = 4; lastKnownFileType = sourcecode.c.h; path = CalcModel.h; sourceTree = "<group>"; };
		B39CEBAB16D01E3100CC03AA /* CalcModel.m */ = {isa = PBXFileReference; fileEncoding = 4; lastKnownFileType = sourcecode.c.objc; path = CalcModel.m; sourceTree = "<group>"; };
/* End PBXFileReference section */

/* Begin PBXFrameworksBuildPhase section */
		B39CEB8016D01D8500CC03AA /* Frameworks */ = {
			isa = PBXFrameworksBuildPhase;
			buildActionMask = 2147483647;
			files = (
				B39CEB8816D01D8500CC03AA /* UIKit.framework in Frameworks */,
				B39CEB8A16D01D8500CC03AA /* Foundation.framework in Frameworks */,
				B39CEB8C16D01D8500CC03AA /* CoreGraphics.framework in Frameworks */,
			);
			runOnlyForDeploymentPostprocessing = 0;
		};
/* End PBXFrameworksBuildPhase section */

/* Begin PBXGroup section */
		B39CEB7816D01D8500CC03AA = {
			isa = PBXGroup;
			children = (
				B39CEB8D16D01D8500CC03AA /* Calc */,
				B39CEB8616D01D8500CC03AA /* Frameworks */,
				B39CEB8416D01D8500CC03AA /* Products */,
			);
			sourceTree = "<group>";
		};
		B39CEB8416D01D8500CC03AA /* Products */ = {
			isa = PBXGroup;
			children = (
				B39CEB8316D01D8500CC03AA /* Calc.app */,
			);
			name = Products;
			sourceTree = "<group>";
		};
		B39CEB8616D01D8500CC03AA /* Frameworks */ = {
			isa = PBXGroup;
			children = (
				B39CEB8716D01D8500CC03AA /* UIKit.framework */,
				B39CEB8916D01D8500CC03AA /* Foundation.framework */,
				B39CEB8B16D01D8500CC03AA /* CoreGraphics.framework */,
			);
			name = Frameworks;
			sourceTree = "<group>";
		};
		B39CEB8D16D01D8500CC03AA /* Calc */ = {
			isa = PBXGroup;
			children = (
				B39CEB9616D01D8500CC03AA /* AppDelegate.h */,
				B39CEB9716D01D8500CC03AA /* AppDelegate.m */,
				B39CEBAA16D01E3100CC03AA /* CalcModel.h */,
				B39CEBAB16D01E3100CC03AA /* CalcModel.m */,
				B39CEB9F16D01D8500CC03AA /* MainStoryboard.storyboard */,
				B39CEBA216D01D8500CC03AA /* ViewController.h */,
				B39CEBA316D01D8500CC03AA /* ViewController.m */,
				B39CEB8E16D01D8500CC03AA /* Supporting Files */,
			);
			path = Calc;
			sourceTree = "<group>";
		};
		B39CEB8E16D01D8500CC03AA /* Supporting Files */ = {
			isa = PBXGroup;
			children = (
				B39CEB8F16D01D8500CC03AA /* Calc-Info.plist */,
				B39CEB9016D01D8500CC03AA /* InfoPlist.strings */,
				B39CEB9316D01D8500CC03AA /* main.m */,
				B39CEB9516D01D8500CC03AA /* Calc-Prefix.pch */,
				B39CEB9916D01D8500CC03AA /* Default.png */,
				B39CEB9B16D01D8500CC03AA /* Default@2x.png */,
				B39CEB9D16D01D8500CC03AA /* Default-568h@2x.png */,
			);
			name = "Supporting Files";
			sourceTree = "<group>";
		};
/* End PBXGroup section */

/* Begin PBXNativeTarget section */
		B39CEB8216D01D8500CC03AA /* Calc */ = {
			isa = PBXNativeTarget;
			buildConfigurationList = B39CEBA716D01D8500CC03AA /* Build configuration list for PBXNativeTarget "Calc" */;
			buildPhases = (
				B39CEB7F16D01D8500CC03AA /* Sources */,
				B39CEB8016D01D8500CC03AA /* Frameworks */,
				B39CEB8116D01D8500CC03AA /* Resources */,
			);
			buildRules = (
			);
			dependencies = (
			);
			name = Calc;
			productName = Calc;
			productReference = B39CEB8316D01D8500CC03AA /* Calc.app */;
			productType = "com.apple.product-type.application";
		};
/* End PBXNativeTarget section */

/* Begin PBXProject section */
		B39CEB7A16D01D8500CC03AA /* Project object */ = {
			isa = PBXProject;
			attributes = {
				LastUpgradeCheck = 0450;
				ORGANIZATIONNAME = "Naomi O' Reilly";
			};
			buildConfigurationList = B39CEB7D16D01D8500CC03AA /* Build configuration list for PBXProject "Calc" */;
			compatibilityVersion = "Xcode 3.2";
			developmentRegion = English;
			hasScannedForEncodings = 0;
			knownRegions = (
				en,
			);
			mainGroup = B39CEB7816D01D8500CC03AA;
			productRefGroup = B39CEB8416D01D8500CC03AA /* Products */;
			projectDirPath = "";
			projectRoot = "";
			targets = (
				B39CEB8216D01D8500CC03AA /* Calc */,
			);
		};
/* End PBXProject section */

/* Begin PBXResourcesBuildPhase section */
		B39CEB8116D01D8500CC03AA /* Resources */ = {
			isa = PBXResourcesBuildPhase;
			buildActionMask = 2147483647;
			files = (
				B39CEB9216D01D8500CC03AA /* InfoPlist.strings in Resources */,
				B39CEB9A16D01D8500CC03AA /* Default.png in Resources */,
				B39CEB9C16D01D8500CC03AA /* Default@2x.png in Resources */,
				B39CEB9E16D01D8500CC03AA /* Default-568h@2x.png in Resources */,
				B39CEBA116D01D8500CC03AA /* MainStoryboard.storyboard in Resources */,
			);
			runOnlyForDeploymentPostprocessing = 0;
		};
/* End PBXResourcesBuildPhase section */

/* Begin PBXSourcesBuildPhase section */
		B39CEB7F16D01D8500CC03AA /* Sources */ = {
			isa = PBXSourcesBuildPhase;
			buildActionMask = 2147483647;
			files = (
				B39CEB9416D01D8500CC03AA /* main.m in Sources */,
				B39CEB9816D01D8500CC03AA /* AppDelegate.m in Sources */,
				B39CEBA416D01D8500CC03AA /* ViewController.m in Sources */,
				B39CEBAC16D01E3100CC03AA /* CalcModel.m in Sources */,
			);
			runOnlyForDeploymentPostprocessing = 0;
		};
/* End PBXSourcesBuildPhase section */

/* Begin PBXVariantGroup section */
		B39CEB9016D01D8500CC03AA /* InfoPlist.strings */ = {
			isa = PBXVariantGroup;
			children = (
				B39CEB9116D01D8500CC03AA /* en */,
			);
			name = InfoPlist.strings;
			sourceTree = "<group>";
		};
		B39CEB9F16D01D8500CC03AA /* MainStoryboard.storyboard */ = {
			isa = PBXVariantGroup;
			children = (
				B39CEBA016D01D8500CC03AA /* en */,
			);
			name = MainStoryboard.storyboard;
			sourceTree = "<group>";
		};
/* End PBXVariantGroup section */

/* Begin XCBuildConfiguration section */
		B39CEBA516D01D8500CC03AA /* Debug */ = {
			isa = XCBuildConfiguration;
			buildSettings = {
				ALWAYS_SEARCH_USER_PATHS = NO;
				CLANG_CXX_LANGUAGE_STANDARD = "gnu++0x";
				CLANG_CXX_LIBRARY = "libc++";
				CLANG_ENABLE_OBJC_ARC = YES;
				CLANG_WARN_EMPTY_BODY = YES;
				CLANG_WARN__DUPLICATE_METHOD_MATCH = YES;
				"CODE_SIGN_IDENTITY[sdk=iphoneos*]" = "iPhone Developer";
				COPY_PHASE_STRIP = NO;
				GCC_C_LANGUAGE_STANDARD = gnu99;
				GCC_DYNAMIC_NO_PIC = NO;
				GCC_OPTIMIZATION_LEVEL = 0;
				GCC_PREPROCESSOR_DEFINITIONS = (
					"DEBUG=1",
					"$(inherited)",
				);
				GCC_SYMBOLS_PRIVATE_EXTERN = NO;
				GCC_WARN_ABOUT_RETURN_TYPE = YES;
				GCC_WARN_UNINITIALIZED_AUTOS = YES;
				GCC_WARN_UNUSED_VARIABLE = YES;
				IPHONEOS_DEPLOYMENT_TARGET = 6.0;
				ONLY_ACTIVE_ARCH = YES;
				SDKROOT = iphoneos;
			};
			name = Debug;
		};
		B39CEBA616D01D8500CC03AA /* Release */ = {
			isa = XCBuildConfiguration;
			buildSettings = {
				ALWAYS_SEARCH_USER_PATHS = NO;
				CLANG_CXX_LANGUAGE_STANDARD = "gnu++0x";
				CLANG_CXX_LIBRARY = "libc++";
				CLANG_ENABLE_OBJC_ARC = YES;
				CLANG_WARN_EMPTY_BODY = YES;
				CLANG_WARN__DUPLICATE_METHOD_MATCH = YES;
				"CODE_SIGN_IDENTITY[sdk=iphoneos*]" = "iPhone Developer";
				COPY_PHASE_STRIP = YES;
				GCC_C_LANGUAGE_STANDARD = gnu99;
				GCC_WARN_ABOUT_RETURN_TYPE = YES;
				GCC_WARN_UNINITIALIZED_AUTOS = YES;
				GCC_WARN_UNUSED_VARIABLE = YES;
				IPHONEOS_DEPLOYMENT_TARGET = 6.0;
				OTHER_CFLAGS = "-DNS_BLOCK_ASSERTIONS=1";
				SDKROOT = iphoneos;
				VALIDATE_PRODUCT = YES;
			};
			name = Release;
		};
		B39CEBA816D01D8500CC03AA /* Debug */ = {
			isa = XCBuildConfiguration;
			buildSettings = {
				GCC_PRECOMPILE_PREFIX_HEADER = YES;
				GCC_PREFIX_HEADER = "Calc/Calc-Prefix.pch";
				INFOPLIST_FILE = "Calc/Calc-Info.plist";
				PRODUCT_NAME = "$(TARGET_NAME)";
				WRAPPER_EXTENSION = app;
			};
			name = Debug;
		};
		B39CEBA916D01D8500CC03AA /* Release */ = {
			isa = XCBuildConfiguration;
			buildSettings = {
				GCC_PRECOMPILE_PREFIX_HEADER = YES;
				GCC_PREFIX_HEADER = "Calc/Calc-Prefix.pch";
				INFOPLIST_FILE = "Calc/Calc-Info.plist";
				PRODUCT_NAME = "$(TARGET_NAME)";
				WRAPPER_EXTENSION = app;
			};
			name = Release;
		};
/* End XCBuildConfiguration section */

/* Begin XCConfigurationList section */
		B39CEB7D16D01D8500CC03AA /* Build configuration list for PBXProject "Calc" */ = {
			isa = XCConfigurationList;
			buildConfigurations = (
				B39CEBA516D01D8500CC03AA /* Debug */,
				B39CEBA616D01D8500CC03AA /* Release */,
			);
			defaultConfigurationIsVisible = 0;
			defaultConfigurationName = Release;
		};
		B39CEBA716D01D8500CC03AA /* Build configuration list for PBXNativeTarget "Calc" */ = {
			isa = XCConfigurationList;
			buildConfigurations = (
				B39CEBA816D01D8500CC03AA /* Debug */,
				B39CEBA916D01D8500CC03AA /* Release */,
			);
			defaultConfigurationIsVisible = 0;
		};
/* End XCConfigurationList section */
	};
	rootObject = B39CEB7A16D01D8500CC03AA /* Project object */;
}
